
Microsoft Visual Studio Solution File, Format Version 12.00
# Visual Studio 15
VisualStudioVersion = 15.0.27703.2035
MinimumVisualStudioVersion = 10.0.40219.1
Project("{F184B08F-C81C-45F6-A57F-5ABD9991F28F}") = "Inventario", "Inventario\Inventario.vbproj", "{417170CD-FC54-407D-86F6-6D326837C3CF}"
EndProject
Global
	GlobalSection(SolutionConfigurationPlatforms) = preSolution
		Debug|Any CPU = Debug|Any CPU
		Release|Any CPU = Release|Any CPU
	EndGlobalSection
	GlobalSection(ProjectConfigurationPlatforms) = postSolution
		{417170CD-FC54-407D-86F6-6D326837C3CF}.Debug|Any CPU.ActiveCfg = Debug|Any CPU
		{417170CD-FC54-407D-86F6-6D326837C3CF}.Debug|Any CPU.Build.0 = Debug|Any CPU
		{417170CD-FC54-407D-86F6-6D326837C3CF}.Release|Any CPU.ActiveCfg = Release|Any CPU
		{417170CD-FC54-407D-86F6-6D326837C3CF}.Release|Any CPU.Build.0 = Release|Any CPU
	EndGlobalSection
	GlobalSection(SolutionProperties) = preSolution
		HideSolutionNode = FALSE
	EndGlobalSection
	GlobalSection(ExtensibilityGlobals) = postSolution
		SolutionGuid = {C1B7632A-8351-4DF1-B28A-7C419834CD34}
	EndGlobalSection
EndGlobal
